schema: '2.0'
stages:
  split_data:
    cmd: python src/data_split/split_data.py
    deps:
    - path: data/raw/flights.csv
      hash: md5
      md5: df18a038826769e5ce870aa7934facfc
      size: 24570411
    - path: src/data_ingestion/data_loader.py
      hash: md5
      md5: fc8d34e7fc64691d0f633c8752b51254
      size: 4344
    - path: src/data_split/split_data.py
      hash: md5
      md5: facaf4c7d2fdcd4ae02d5d52f514444e
      size: 3258
    - path: src/shared/config/config_logging.py
      hash: md5
      md5: 0ffc329b538ff23f61f120c678681f0f
      size: 402
    - path: src/shared/utils.py
      hash: md5
      md5: 8a7b7e80c76b5e65f29c70b402b8cad2
      size: 5299
    outs:
    - path: data/raw/train_validation_test/test.csv
      hash: md5
      md5: dfa25b636af1f48bc9d1985dcadc324e
      size: 3650705
    - path: data/raw/train_validation_test/train.csv
      hash: md5
      md5: c913f2a2f5394eba3d96badf8c07ea29
      size: 17002301
    - path: data/raw/train_validation_test/validation.csv
      hash: md5
      md5: 035f4539e18954eaca370c6a5c06723a
      size: 3645658
  bronze_pipeline@train:
    cmd: python src/pipelines/bronze_pipeline.py train.csv
    deps:
    - path: data/raw/train_validation_test/train.csv
      hash: md5
      md5: c913f2a2f5394eba3d96badf8c07ea29
      size: 17002301
    - path: src/data_ingestion/data_loader.py
      hash: md5
      md5: fc8d34e7fc64691d0f633c8752b51254
      size: 4344
    - path: src/data_validation/expectations/bronze_expectations.py
      hash: md5
      md5: 8d7a1a77c5fbc8f2c312a09ca12b765f
      size: 4212
    - path: src/data_validation/ge_components.py
      hash: md5
      md5: 312a7b57f107e84894946050b1d80206
      size: 13316
    - path: src/pipelines/bronze_pipeline.py
      hash: md5
      md5: 461f7f20b6b83cfc53910d31b594484d
      size: 5125
    - path: src/shared/config/config_bronze.py
      hash: md5
      md5: 910da23f93b83eba07d7c16a44a17b36
      size: 676
    - path: src/shared/config/config_logging.py
      hash: md5
      md5: 0ffc329b538ff23f61f120c678681f0f
      size: 402
    - path: src/shared/utils.py
      hash: md5
      md5: 8a7b7e80c76b5e65f29c70b402b8cad2
      size: 5299
    outs:
    - path: data/bronze_data/processed/train.csv
      hash: md5
      md5: c913f2a2f5394eba3d96badf8c07ea29
      size: 17002301
  bronze_pipeline@validation:
    cmd: python src/pipelines/bronze_pipeline.py validation.csv
    deps:
    - path: data/raw/train_validation_test/validation.csv
      hash: md5
      md5: 035f4539e18954eaca370c6a5c06723a
      size: 3645658
    - path: src/data_ingestion/data_loader.py
      hash: md5
      md5: fc8d34e7fc64691d0f633c8752b51254
      size: 4344
    - path: src/data_validation/expectations/bronze_expectations.py
      hash: md5
      md5: 8d7a1a77c5fbc8f2c312a09ca12b765f
      size: 4212
    - path: src/data_validation/ge_components.py
      hash: md5
      md5: 312a7b57f107e84894946050b1d80206
      size: 13316
    - path: src/pipelines/bronze_pipeline.py
      hash: md5
      md5: 461f7f20b6b83cfc53910d31b594484d
      size: 5125
    - path: src/shared/config/config_bronze.py
      hash: md5
      md5: 910da23f93b83eba07d7c16a44a17b36
      size: 676
    - path: src/shared/config/config_logging.py
      hash: md5
      md5: 0ffc329b538ff23f61f120c678681f0f
      size: 402
    - path: src/shared/utils.py
      hash: md5
      md5: 8a7b7e80c76b5e65f29c70b402b8cad2
      size: 5299
    outs:
    - path: data/bronze_data/processed/validation.csv
      hash: md5
      md5: 035f4539e18954eaca370c6a5c06723a
      size: 3645658
  bronze_pipeline@test:
    cmd: python src/pipelines/bronze_pipeline.py test.csv
    deps:
    - path: data/raw/train_validation_test/test.csv
      hash: md5
      md5: dfa25b636af1f48bc9d1985dcadc324e
      size: 3650705
    - path: src/data_ingestion/data_loader.py
      hash: md5
      md5: fc8d34e7fc64691d0f633c8752b51254
      size: 4344
    - path: src/data_validation/expectations/bronze_expectations.py
      hash: md5
      md5: 8d7a1a77c5fbc8f2c312a09ca12b765f
      size: 4212
    - path: src/data_validation/ge_components.py
      hash: md5
      md5: 312a7b57f107e84894946050b1d80206
      size: 13316
    - path: src/pipelines/bronze_pipeline.py
      hash: md5
      md5: 461f7f20b6b83cfc53910d31b594484d
      size: 5125
    - path: src/shared/config/config_bronze.py
      hash: md5
      md5: 910da23f93b83eba07d7c16a44a17b36
      size: 676
    - path: src/shared/config/config_logging.py
      hash: md5
      md5: 0ffc329b538ff23f61f120c678681f0f
      size: 402
    - path: src/shared/utils.py
      hash: md5
      md5: 8a7b7e80c76b5e65f29c70b402b8cad2
      size: 5299
    outs:
    - path: data/bronze_data/processed/test.csv
      hash: md5
      md5: dfa25b636af1f48bc9d1985dcadc324e
      size: 3650705
  silver_pipeline@train:
    cmd: python src/pipelines/silver_pipeline.py train.csv
    deps:
    - path: data/bronze_data/processed/train.csv
      hash: md5
      md5: c913f2a2f5394eba3d96badf8c07ea29
      size: 17002301
    - path: src/data_ingestion/data_loader.py
      hash: md5
      md5: fc8d34e7fc64691d0f633c8752b51254
      size: 4344
    - path: src/data_validation/expectations/silver_expectations.py
      hash: md5
      md5: 5c6c120c4c73b6efd935a2819f074d83
      size: 3333
    - path: src/data_validation/ge_components.py
      hash: md5
      md5: 312a7b57f107e84894946050b1d80206
      size: 13316
    - path: src/pipelines/silver_pipeline.py
      hash: md5
      md5: 488cd73a306688ae48c373ca8ed0d2fc
      size: 5574
    - path: src/shared/config/config_logging.py
      hash: md5
      md5: 0ffc329b538ff23f61f120c678681f0f
      size: 402
    - path: src/shared/config/config_silver.py
      hash: md5
      md5: d6149d100fe4e997932daf0ae03b2b74
      size: 1957
    - path: src/shared/utils.py
      hash: md5
      md5: 8a7b7e80c76b5e65f29c70b402b8cad2
      size: 5299
    - path: src/silver_data_preprocessing/
      hash: md5
      md5: e16891d34a4612ce47d1462b36b6dfb1.dir
      size: 18729
      nfiles: 4
    outs:
    - path: data/silver_data/processed/train.parquet
      hash: md5
      md5: 9c04839d67de437d7ca6b1c6bd4523fa
      size: 1866293
  silver_pipeline@validation:
    cmd: python src/pipelines/silver_pipeline.py validation.csv
    deps:
    - path: data/bronze_data/processed/validation.csv
      hash: md5
      md5: 035f4539e18954eaca370c6a5c06723a
      size: 3645658
    - path: src/data_ingestion/data_loader.py
      hash: md5
      md5: fc8d34e7fc64691d0f633c8752b51254
      size: 4344
    - path: src/data_validation/expectations/silver_expectations.py
      hash: md5
      md5: 5c6c120c4c73b6efd935a2819f074d83
      size: 3333
    - path: src/data_validation/ge_components.py
      hash: md5
      md5: 312a7b57f107e84894946050b1d80206
      size: 13316
    - path: src/pipelines/silver_pipeline.py
      hash: md5
      md5: 488cd73a306688ae48c373ca8ed0d2fc
      size: 5574
    - path: src/shared/config/config_logging.py
      hash: md5
      md5: 0ffc329b538ff23f61f120c678681f0f
      size: 402
    - path: src/shared/config/config_silver.py
      hash: md5
      md5: d6149d100fe4e997932daf0ae03b2b74
      size: 1957
    - path: src/shared/utils.py
      hash: md5
      md5: 8a7b7e80c76b5e65f29c70b402b8cad2
      size: 5299
    - path: src/silver_data_preprocessing/
      hash: md5
      md5: e16891d34a4612ce47d1462b36b6dfb1.dir
      size: 18729
      nfiles: 4
    outs:
    - path: data/silver_data/processed/validation.parquet
      hash: md5
      md5: 4ab1e09c3bfe882e9a34dcd9438a0ed3
      size: 399605
  silver_pipeline@test:
    cmd: python src/pipelines/silver_pipeline.py test.csv
    deps:
    - path: data/bronze_data/processed/test.csv
      hash: md5
      md5: dfa25b636af1f48bc9d1985dcadc324e
      size: 3650705
    - path: src/data_ingestion/data_loader.py
      hash: md5
      md5: fc8d34e7fc64691d0f633c8752b51254
      size: 4344
    - path: src/data_validation/expectations/silver_expectations.py
      hash: md5
      md5: 5c6c120c4c73b6efd935a2819f074d83
      size: 3333
    - path: src/data_validation/ge_components.py
      hash: md5
      md5: 312a7b57f107e84894946050b1d80206
      size: 13316
    - path: src/pipelines/silver_pipeline.py
      hash: md5
      md5: 488cd73a306688ae48c373ca8ed0d2fc
      size: 5574
    - path: src/shared/config/config_logging.py
      hash: md5
      md5: 0ffc329b538ff23f61f120c678681f0f
      size: 402
    - path: src/shared/config/config_silver.py
      hash: md5
      md5: d6149d100fe4e997932daf0ae03b2b74
      size: 1957
    - path: src/shared/utils.py
      hash: md5
      md5: 8a7b7e80c76b5e65f29c70b402b8cad2
      size: 5299
    - path: src/silver_data_preprocessing/
      hash: md5
      md5: e16891d34a4612ce47d1462b36b6dfb1.dir
      size: 18729
      nfiles: 4
    outs:
    - path: data/silver_data/processed/test.parquet
      hash: md5
      md5: 9c564881e84853faad55461550b362ac
      size: 402967
  gold_pipeline:
    cmd: python src/pipelines/gold_pipeline.py
    deps:
    - path: data/silver_data/processed/test.parquet
      hash: md5
      md5: 9c564881e84853faad55461550b362ac
      size: 402967
    - path: data/silver_data/processed/train.parquet
      hash: md5
      md5: 9c04839d67de437d7ca6b1c6bd4523fa
      size: 1866293
    - path: data/silver_data/processed/validation.parquet
      hash: md5
      md5: 4ab1e09c3bfe882e9a34dcd9438a0ed3
      size: 399605
    - path: src/data_ingestion/data_loader.py
      hash: md5
      md5: fc8d34e7fc64691d0f633c8752b51254
      size: 4344
    - path: src/data_validation/expectations/gold_expectations.py
      hash: md5
      md5: 9ad9ba114b3691686ba918328dca87cc
      size: 5253
    - path: src/data_validation/ge_components.py
      hash: md5
      md5: 312a7b57f107e84894946050b1d80206
      size: 13316
    - path: src/gold_data_preprocessing/
      hash: md5
      md5: e29571f4557871e8ddfb6a7683d81e04.dir
      size: 129556
      nfiles: 19
    - path: src/pipelines/gold_pipeline.py
      hash: md5
      md5: 88c6bfda90e650a43ee50e97674165e7
      size: 12841
    - path: src/shared/config/config_gold.py
      hash: md5
      md5: 33ee1291d1d420c6d874297c544e7be8
      size: 5440
    - path: src/shared/config/config_logging.py
      hash: md5
      md5: 0ffc329b538ff23f61f120c678681f0f
      size: 402
    - path: src/shared/utils.py
      hash: md5
      md5: 8a7b7e80c76b5e65f29c70b402b8cad2
      size: 5299
    params:
      params.yaml:
        gold_pipeline.imputation:
          median:
          - price
          - time
          - distance
          mode:
          - agency
          - flight_type
          constant:
            from_location: Unknown
            to_location: Unknown
        gold_pipeline.outlier_handling:
          detection_strategy: iqr
          handling_strategy: trim
        gold_pipeline.power_transformer:
          strategy: yeo-johnson
        gold_pipeline.rare_category_grouping:
          cardinality_threshold: 0.01
    outs:
    - path: data/gold_engineered_data/processed/test.parquet
      hash: md5
      md5: 76ff49ef088ca681472ee740d17bdd8a
      size: 374839
    - path: data/gold_engineered_data/processed/train.parquet
      hash: md5
      md5: 6867c976341f8af0d0112c515b505c4a
      size: 961853
    - path: data/gold_engineered_data/processed/validation.parquet
      hash: md5
      md5: ff2818dbacfd6b8d1d74b48e977d7b4a
      size: 331314
    - path: models/categorical_encoder.joblib
      hash: md5
      md5: 839901b02d4e8309d3209f4bae997bb1
      size: 8322
    - path: models/gold_final_columns.json
      hash: md5
      md5: dcb302b9e5080c3e6050e4d10aa81734
      size: 3770
    - path: models/outlier_handler.joblib
      hash: md5
      md5: 2315cbf60ac0398b8d86db5737768854
      size: 523
    - path: models/power_transformer.joblib
      hash: md5
      md5: 50c7db48fb4ff61c27a635dcffd5dd9d
      size: 312
    - path: models/rare_category_grouper.joblib
      hash: md5
      md5: 43a6021b46cdcf7a8a3042f52111d998
      size: 2371
    - path: models/scaler.joblib
      hash: md5
      md5: a6795a15f9f5e7824a67db3b244a7994
      size: 348
    - path: models/simple_imputer.json
      hash: md5
      md5: 4a939e5d5a7cfb3346567524080f6b6d
      size: 219
  training_pipeline:
    cmd: python src/pipelines/training_pipeline.py train.parquet 
      validation.parquet test.parquet
    deps:
    - path: data/gold_engineered_data/processed/train.parquet
      hash: md5
      md5: 6867c976341f8af0d0112c515b505c4a
      size: 961853
    - path: data/gold_engineered_data/processed/validation.parquet
      hash: md5
      md5: ff2818dbacfd6b8d1d74b48e977d7b4a
      size: 331314
    - path: src/data_ingestion/data_loader.py
      hash: md5
      md5: fc8d34e7fc64691d0f633c8752b51254
      size: 4344
    - path: src/gold_data_preprocessing/power_transformer.py
      hash: md5
      md5: 2a2aa997e483587e5b1a1c9a9d34bc9a
      size: 8591
    - path: src/gold_data_preprocessing/scaler.py
      hash: md5
      md5: ab41a984ea574e402bbcc5acb3f7b5f7
      size: 7319
    - path: src/model_evaluation/evaluation.py
      hash: md5
      md5: 9a05bd0da8e4b125b7cb4fd908b4a6ac
      size: 5188
    - path: src/model_training/train.py
      hash: md5
      md5: 8fcfe71fa0cb289773fa4f2601ca5b75
      size: 2146
    - path: src/pipelines/training_pipeline.py
      hash: md5
      md5: d18bc8faf0d2c639a29d3c236af2ba92
      size: 15739
    - path: src/shared/config/config_gold.py
      hash: md5
      md5: 33ee1291d1d420c6d874297c544e7be8
      size: 5440
    - path: src/shared/config/config_logging.py
      hash: md5
      md5: 0ffc329b538ff23f61f120c678681f0f
      size: 402
    - path: src/shared/config/config_training.py
      hash: md5
      md5: 07ddab748239700a869fb1592b25a702
      size: 1205
    - path: src/shared/utils.py
      hash: md5
      md5: 8a7b7e80c76b5e65f29c70b402b8cad2
      size: 5299
    params:
      params.yaml:
        mlflow_params:
          experiment_name: Flights_Price_Baselines
        training_pipeline:
          model_config_to_run: LinearRegression_CV_Base
          models:
            LinearRegression_Simple_Base:
              model_class: LinearRegression
              name: LinearRegression_Simple_Base
              run_name: LinearRegression_Simple_Base
              log_model_artifact: false
              register_model: false
              log_predictions: false
              evaluate_on_test_set: false
              drop_multicollinear_cols:
              - time
              training_params:
                n_jobs: -1
                fit_intercept: true
              cross_validation:
                enabled: false
            LinearRegression_CV_Base:
              model_class: LinearRegression
              name: LinearRegression_CV_Base
              run_name: LinearRegression_CV_Base
              log_model_artifact: false
              register_model: false
              log_predictions: false
              evaluate_on_test_set: false
              drop_multicollinear_cols:
              - time
              training_params:
                n_jobs: -1
                fit_intercept: true
              cross_validation:
                enabled: true
                n_splits: 5
            Ridge_Simple_Base:
              model_class: Ridge
              name: Ridge_Simple_Base
              run_name: Ridge_Simple_Base
              log_model_artifact: false
              register_model: false
              log_predictions: false
              evaluate_on_test_set: false
              drop_multicollinear_cols:
              - time
              training_params: {}
              cross_validation:
                enabled: false
            Ridge_CV_Base:
              model_class: Ridge
              name: Ridge_CV_Base
              run_name: Ridge_CV_Base
              log_model_artifact: false
              register_model: false
              log_predictions: false
              evaluate_on_test_set: false
              drop_multicollinear_cols:
              - time
              training_params: {}
              cross_validation:
                enabled: true
                n_splits: 5
            Ridge_Simple_Tuned:
              model_class: Ridge
              name: Ridge_Simple_Tuned
              run_name: Ridge_Simple_Tuned
              log_model_artifact: true
              register_model: false
              log_predictions: true
              evaluate_on_test_set: false
              drop_multicollinear_cols:
              - time
              training_params:
                alpha: 1.0
                fit_intercept: true
                solver: auto
                random_state: 42
              cross_validation:
                enabled: false
            Ridge_CV_Tuned:
              model_class: Ridge
              name: Ridge_CV_Tuned
              run_name: Ridge_CV_Tuned
              log_model_artifact: true
              register_model: false
              log_predictions: true
              evaluate_on_test_set: false
              drop_multicollinear_cols:
              - time
              training_params:
                alpha: 1.0
                fit_intercept: true
                solver: auto
                random_state: 42
              cross_validation:
                enabled: true
                n_splits: 5
            Lasso_Simple_Base:
              model_class: Lasso
              name: Lasso_Simple_Base
              run_name: Lasso_Simple_Base
              log_model_artifact: false
              register_model: false
              log_predictions: false
              evaluate_on_test_set: false
              drop_multicollinear_cols:
              - time
              training_params: {}
              cross_validation:
                enabled: false
            Lasso_CV_Base:
              model_class: Lasso
              name: Lasso_CV_Base
              run_name: Lasso_CV_Base_alpha_0.01
              log_model_artifact: false
              register_model: false
              log_predictions: false
              evaluate_on_test_set: false
              drop_multicollinear_cols:
              - time
              training_params:
                alpha: 0.01
              cross_validation:
                enabled: true
                n_splits: 5
            Lasso_Simple_Tuned:
              model_class: Lasso
              name: Lasso_Simple_Tuned
              run_name: Lasso_Simple_Tuned
              log_model_artifact: true
              register_model: false
              log_predictions: true
              evaluate_on_test_set: false
              drop_multicollinear_cols:
              - time
              training_params:
                alpha: 1.0
                fit_intercept: true
                selection: cyclic
                random_state: 42
              cross_validation:
                enabled: false
            Lasso_CV_Tuned:
              model_class: Lasso
              name: Lasso_CV_Tuned
              run_name: Lasso_CV_Tuned
              log_model_artifact: true
              register_model: false
              log_predictions: true
              evaluate_on_test_set: false
              drop_multicollinear_cols:
              - time
              training_params:
                alpha: 1.0
                fit_intercept: true
                selection: cyclic
                random_state: 42
              cross_validation:
                enabled: true
                n_splits: 5
            ElasticNet_Simple_Base:
              model_class: ElasticNet
              name: ElasticNet_Simple_Base
              run_name: ElasticNet_Simple_Base
              log_model_artifact: false
              register_model: false
              log_predictions: false
              evaluate_on_test_set: false
              drop_multicollinear_cols:
              - time
              training_params: {}
              cross_validation:
                enabled: false
            ElasticNet_CV_Base:
              model_class: ElasticNet
              name: ElasticNet_CV_Base
              run_name: ElasticNet_CV_Base_alpha_0.001_l1ratio_0.2
              log_model_artifact: false
              register_model: false
              log_predictions: false
              evaluate_on_test_set: false
              drop_multicollinear_cols:
              - time
              training_params:
                alpha: 0.001
                l1_ratio: 0.2
              cross_validation:
                enabled: true
                n_splits: 5
            ElasticNet_Simple_Tuned:
              model_class: ElasticNet
              name: ElasticNet_Simple_Tuned
              run_name: ElasticNet_Simple_Tuned
              log_model_artifact: true
              register_model: false
              log_predictions: true
              evaluate_on_test_set: false
              drop_multicollinear_cols:
              - time
              training_params:
                alpha: 1.0
                l1_ratio: 0.5
                fit_intercept: true
                selection: cyclic
                random_state: 42
              cross_validation:
                enabled: false
            ElasticNet_CV_Tuned:
              model_class: ElasticNet
              name: ElasticNet_CV_Tuned
              run_name: ElasticNet_CV_Tuned
              log_model_artifact: true
              register_model: false
              log_predictions: true
              evaluate_on_test_set: false
              drop_multicollinear_cols:
              - time
              training_params:
                alpha: 1.0
                l1_ratio: 0.5
                fit_intercept: true
                selection: cyclic
                random_state: 42
              cross_validation:
                enabled: true
                n_splits: 5
            SGDRegressor_Simple_Base:
              model_class: SGDRegressor
              name: SGDRegressor_Simple_Base
              run_name: SGDRegressor_Simple_Base
              log_model_artifact: false
              register_model: false
              log_predictions: false
              evaluate_on_test_set: false
              drop_multicollinear_cols:
              - time
              training_params:
                random_state: 42
              cross_validation:
                enabled: false
            SGDRegressor_CV_Base:
              model_class: SGDRegressor
              name: SGDRegressor_CV_Base
              run_name: SGDRegressor_CV_Base_eta0_0.0001_maxiter_2000
              log_model_artifact: false
              register_model: false
              log_predictions: false
              evaluate_on_test_set: false
              drop_multicollinear_cols:
              - time
              training_params:
                loss: squared_error
                penalty: l2
                alpha: 0.01
                learning_rate: constant
                eta0: 0.0001
                max_iter: 2000
                random_state: 42
              cross_validation:
                enabled: true
                n_splits: 5
            SGDRegressor_Simple_Tuned:
              model_class: SGDRegressor
              name: SGDRegressor_Simple_Tuned
              run_name: SGDRegressor_Simple_Tuned
              log_model_artifact: true
              register_model: false
              log_predictions: true
              evaluate_on_test_set: false
              drop_multicollinear_cols:
              - time
              training_params:
                loss: squared_error
                penalty: l2
                alpha: 0.0001
                max_iter: 1000
                random_state: 42
              cross_validation:
                enabled: false
            SGDRegressor_CV_Tuned:
              model_class: SGDRegressor
              name: SGDRegressor_CV_Tuned
              run_name: SGDRegressor_CV_Tuned
              log_model_artifact: true
              register_model: false
              log_predictions: true
              evaluate_on_test_set: false
              drop_multicollinear_cols:
              - time
              training_params:
                loss: squared_error
                penalty: l2
                alpha: 0.0001
                max_iter: 1000
                random_state: 42
              cross_validation:
                enabled: true
                n_splits: 5
            SVR_Simple_Base:
              model_class: SVR
              name: SVR_Simple_Base
              run_name: SVR_Simple_Base
              log_model_artifact: false
              register_model: false
              log_predictions: false
              evaluate_on_test_set: false
              drop_multicollinear_cols: []
              training_params: {}
              cross_validation:
                enabled: false
            SVR_CV_Base:
              model_class: SVR
              name: SVR_CV_Base
              run_name: SVR_CV_Base
              log_model_artifact: false
              register_model: false
              log_predictions: false
              evaluate_on_test_set: false
              drop_multicollinear_cols: []
              training_params: {}
              cross_validation:
                enabled: true
                n_splits: 5
            SVR_Simple_Tuned:
              model_class: SVR
              name: SVR_Simple_Tuned
              run_name: SVR_Simple_Tuned
              log_model_artifact: true
              register_model: false
              log_predictions: true
              evaluate_on_test_set: false
              drop_multicollinear_cols: []
              training_params:
                kernel: rbf
                C: 1.0
                gamma: scale
                epsilon: 0.1
              cross_validation:
                enabled: false
            SVR_CV_Tuned:
              model_class: SVR
              name: SVR_CV_Tuned
              run_name: SVR_CV_Tuned
              log_model_artifact: true
              register_model: false
              log_predictions: true
              evaluate_on_test_set: false
              drop_multicollinear_cols: []
              training_params:
                kernel: rbf
                C: 1.0
                gamma: scale
                epsilon: 0.1
              cross_validation:
                enabled: true
                n_splits: 5
            RandomForestRegressor_Simple_Base:
              model_class: RandomForestRegressor
              name: RandomForestRegressor_Simple_Base
              run_name: RandomForestRegressor_Simple_Base
              log_model_artifact: true
              register_model: false
              log_predictions: true
              evaluate_on_test_set: true
              drop_multicollinear_cols: []
              training_params:
                n_jobs: -1
                random_state: 42
              cross_validation:
                enabled: false
            RandomForestRegressor_CV_Base:
              model_class: RandomForestRegressor
              name: RandomForestRegressor_CV_Base
              run_name: RandomForestRegressor_CV_Base
              log_model_artifact: false
              register_model: false
              log_predictions: false
              evaluate_on_test_set: false
              drop_multicollinear_cols: []
              training_params:
                n_jobs: -1
                random_state: 42
              cross_validation:
                enabled: true
                n_splits: 5
            RandomForestRegressor_Simple_Tuned:
              model_class: RandomForestRegressor
              name: RandomForestRegressor_Simple_Tuned
              run_name: RandomForestRegressor_Simple_Tuned
              log_model_artifact: true
              register_model: false
              log_predictions: true
              evaluate_on_test_set: false
              drop_multicollinear_cols: []
              training_params:
                n_estimators: 100
                max_depth:
                min_samples_split: 2
                min_samples_leaf: 1
                max_features: sqrt
                random_state: 42
                n_jobs: -1
              cross_validation:
                enabled: false
            RandomForestRegressor_CV_Tuned:
              model_class: RandomForestRegressor
              name: RandomForestRegressor_CV_Tuned
              run_name: RandomForestRegressor_CV_Tuned
              log_model_artifact: true
              register_model: false
              log_predictions: true
              evaluate_on_test_set: false
              drop_multicollinear_cols: []
              training_params:
                n_estimators: 100
                max_depth:
                min_samples_split: 2
                min_samples_leaf: 1
                max_features: sqrt
                random_state: 42
                n_jobs: -1
              cross_validation:
                enabled: true
                n_splits: 5
            XGBRegressor_Simple_Base:
              model_class: XGBRegressor
              name: XGBRegressor_Simple_Base
              run_name: XGBRegressor_Simple_Base
              log_model_artifact: true
              register_model: false
              log_predictions: true
              evaluate_on_test_set: true
              drop_multicollinear_cols: []
              training_params:
                n_jobs: -1
              cross_validation:
                enabled: false
            XGBRegressor_CV_Base:
              model_class: XGBRegressor
              name: XGBRegressor_CV_Base
              run_name: XGBRegressor_CV_Base
              log_model_artifact: false
              register_model: false
              log_predictions: false
              evaluate_on_test_set: false
              drop_multicollinear_cols: []
              training_params:
                n_jobs: -1
              cross_validation:
                enabled: true
                n_splits: 5
            XGBRegressor_Simple_Tuned:
              model_class: XGBRegressor
              name: XGBRegressor_Simple_Tuned
              run_name: XGBRegressor_Simple_Tuned
              log_model_artifact: true
              register_model: false
              log_predictions: true
              evaluate_on_test_set: false
              drop_multicollinear_cols: []
              training_params:
                n_estimators: 100
                learning_rate: 0.3
                max_depth: 6
                subsample: 1.0
                colsample_bytree: 1.0
                gamma: 0
                reg_alpha: 0
                reg_lambda: 1
                random_state: 42
                n_jobs: -1
              cross_validation:
                enabled: false
            XGBRegressor_CV_Tuned:
              model_class: XGBRegressor
              name: XGBRegressor_CV_Tuned
              run_name: XGBRegressor_CV_Tuned
              log_model_artifact: true
              register_model: false
              log_predictions: true
              evaluate_on_test_set: false
              drop_multicollinear_cols: []
              training_params:
                n_estimators: 100
                learning_rate: 0.3
                max_depth: 6
                subsample: 1.0
                colsample_bytree: 1.0
                gamma: 0
                reg_alpha: 0
                reg_lambda: 1
                random_state: 42
                n_jobs: -1
              cross_validation:
                enabled: true
                n_splits: 5
            LGBMRegressor_Simple_Base:
              model_class: LGBMRegressor
              name: LGBMRegressor_Simple_Base
              run_name: LGBMRegressor_Simple_Base
              log_model_artifact: true
              register_model: false
              log_predictions: true
              evaluate_on_test_set: true
              drop_multicollinear_cols: []
              training_params:
                n_jobs: -1
              cross_validation:
                enabled: false
            LGBMRegressor_CV_Base:
              model_class: LGBMRegressor
              name: LGBMRegressor_CV_Base
              run_name: LGBMRegressor_CV_Base
              log_model_artifact: false
              register_model: false
              log_predictions: false
              evaluate_on_test_set: false
              drop_multicollinear_cols: []
              training_params:
                n_jobs: -1
              cross_validation:
                enabled: true
                n_splits: 5
            LGBMRegressor_Simple_Tuned:
              model_class: LGBMRegressor
              name: LGBMRegressor_Simple_Tuned
              run_name: LGBMRegressor_Simple_Tuned
              log_model_artifact: true
              register_model: false
              log_predictions: true
              evaluate_on_test_set: false
              drop_multicollinear_cols: []
              training_params:
                n_estimators: 100
                learning_rate: 0.1
                num_leaves: 31
                max_depth: -1
                subsample: 1.0
                colsample_bytree: 1.0
                reg_alpha: 0.0
                reg_lambda: 0.0
                random_state: 42
                n_jobs: -1
              cross_validation:
                enabled: false
            LGBMRegressor_CV_Tuned:
              model_class: LGBMRegressor
              name: LGBMRegressor_CV_Tuned
              run_name: LGBMRegressor_CV_Tuned
              log_model_artifact: true
              register_model: false
              log_predictions: true
              evaluate_on_test_set: false
              drop_multicollinear_cols: []
              training_params:
                n_estimators: 100
                learning_rate: 0.1
                num_leaves: 31
                max_depth: -1
                subsample: 1.0
                colsample_bytree: 1.0
                reg_alpha: 0.0
                reg_lambda: 0.0
                random_state: 42
                n_jobs: -1
              cross_validation:
                enabled: true
                n_splits: 5
